// !$*UTF8*$!
{
	archiveVersion = 1;
	classes = {
	};
	objectVersion = 46;
	objects = {

/* Begin PBXBuildFile section */
		CD2AFA1D1FC2A5BE001BA6E3 /* AppDelegate.swift in Sources */ = {isa = PBXBuildFile; fileRef = CD2AFA1C1FC2A5BE001BA6E3 /* AppDelegate.swift */; };
		CD2AFA1F1FC2A5BE001BA6E3 /* ViewController.swift in Sources */ = {isa = PBXBuildFile; fileRef = CD2AFA1E1FC2A5BE001BA6E3 /* ViewController.swift */; };
		CD2AFA221FC2A5BE001BA6E3 /* Main.storyboard in Resources */ = {isa = PBXBuildFile; fileRef = CD2AFA201FC2A5BE001BA6E3 /* Main.storyboard */; };
		CD2AFA241FC2A5BE001BA6E3 /* Assets.xcassets in Resources */ = {isa = PBXBuildFile; fileRef = CD2AFA231FC2A5BE001BA6E3 /* Assets.xcassets */; };
		CD2AFA271FC2A5BE001BA6E3 /* LaunchScreen.storyboard in Resources */ = {isa = PBXBuildFile; fileRef = CD2AFA251FC2A5BE001BA6E3 /* LaunchScreen.storyboard */; };
/* End PBXBuildFile section */

/* Begin PBXFileReference section */
		CD2AFA191FC2A5BE001BA6E3 /* Git Test.app */ = {isa = PBXFileReference; explicitFileType = wrapper.application; includeInIndex = 0; path = "Git Test.app"; sourceTree = BUILT_PRODUCTS_DIR; };
		CD2AFA1C1FC2A5BE001BA6E3 /* AppDelegate.swift */ = {isa = PBXFileReference; lastKnownFileType = sourcecode.swift; path = AppDelegate.swift; sourceTree = "<group>"; };
		CD2AFA1E1FC2A5BE001BA6E3 /* ViewController.swift */ = {isa = PBXFileReference; lastKnownFileType = sourcecode.swift; path = ViewController.swift; sourceTree = "<group>"; };
		CD2AFA211FC2A5BE001BA6E3 /* Base */ = {isa = PBXFileReference; lastKnownFileType = file.storyboard; name = Base; path = Base.lproj/Main.storyboard; sourceTree = "<group>"; };
		CD2AFA231FC2A5BE001BA6E3 /* Assets.xcassets */ = {isa = PBXFileReference; lastKnownFileType = folder.assetcatalog; path = Assets.xcassets; sourceTree = "<group>"; };
		CD2AFA261FC2A5BE001BA6E3 /* Base */ = {isa = PBXFileReference; lastKnownFileType = file.storyboard; name = Base; path = Base.lproj/LaunchScreen.storyboard; sourceTree = "<group>"; };
		CD2AFA281FC2A5BE001BA6E3 /* Info.plist */ = {isa = PBXFileReference; lastKnownFileType = text.plist.xml; path = Info.plist; sourceTree = "<group>"; };
/* End PBXFileReference section */

/* Begin PBXFrameworksBuildPhase section */
		CD2AFA161FC2A5BE001BA6E3 /* Frameworks */ = {
			isa = PBXFrameworksBuildPhase;
			buildActionMask = 2147483647;
			files = (
			);
			runOnlyForDeploymentPostprocessing = 0;
		};
/* End PBXFrameworksBuildPhase section */

/* Begin PBXGroup section */
		CD2AFA101FC2A5BE001BA6E3 = {
			isa = PBXGroup;
			children = (
				CD2AFA1B1FC2A5BE001BA6E3 /* Git Test */,
				CD2AFA1A1FC2A5BE001BA6E3 /* Products */,
			);
			sourceTree = "<group>";
		};
		CD2AFA1A1FC2A5BE001BA6E3 /* Products */ = {
			isa = PBXGroup;
			children = (
				CD2AFA191FC2A5BE001BA6E3 /* Git Test.app */,
			);
			name = Products;
			sourceTree = "<group>";
		};
		CD2AFA1B1FC2A5BE001BA6E3 /* Git Test */ = {
			isa = PBXGroup;
			children = (
				CD2AFA1C1FC2A5BE001BA6E3 /* AppDelegate.swift */,
				CD2AFA1E1FC2A5BE001BA6E3 /* ViewController.swift */,
				CD2AFA201FC2A5BE001BA6E3 /* Main.storyboard */,
				CD2AFA231FC2A5BE001BA6E3 /* Assets.xcassets */,
				CD2AFA251FC2A5BE001BA6E3 /* LaunchScreen.storyboard */,
				CD2AFA281FC2A5BE001BA6E3 /* Info.plist */,
			);
			path = "Git Test";
			sourceTree = "<group>";
		};
/* End PBXGroup section */

/* Begin PBXNativeTarget section */
		CD2AFA181FC2A5BE001BA6E3 /* Git Test */ = {
			isa = PBXNativeTarget;
			buildConfigurationList = CD2AFA2B1FC2A5BE001BA6E3 /* Build configuration list for PBXNativeTarget "Git Test" */;
			buildPhases = (
				CD2AFA151FC2A5BE001BA6E3 /* Sources */,
				CD2AFA161FC2A5BE001BA6E3 /* Frameworks */,
				CD2AFA171FC2A5BE001BA6E3 /* Resources */,
			);
			buildRules = (
			);
			dependencies = (
			);
			name = "Git Test";
			productName = "Git Test";
			productReference = CD2AFA191FC2A5BE001BA6E3 /* Git Test.app */;
			productType = "com.apple.product-type.application";
		};
/* End PBXNativeTarget section */

/* Begin PBXProject section */
		CD2AFA111FC2A5BE001BA6E3 /* Project object */ = {
			isa = PBXProject;
			attributes = {
				LastSwiftUpdateCheck = 0830;
				LastUpgradeCheck = 0830;
				ORGANIZATIONNAME = "元木嵩人";
				TargetAttributes = {
					CD2AFA181FC2A5BE001BA6E3 = {
						CreatedOnToolsVersion = 8.3.3;
						DevelopmentTeam = HL6N545Y8M;
						ProvisioningStyle = Automatic;
					};
				};
			};
			buildConfigurationList = CD2AFA141FC2A5BE001BA6E3 /* Build configuration list for PBXProject "Git Test" */;
			compatibilityVersion = "Xcode 3.2";
			developmentRegion = English;
			hasScannedForEncodings = 0;
			knownRegions = (
				en,
				Base,
			);
			mainGroup = CD2AFA101FC2A5BE001BA6E3;
			productRefGroup = CD2AFA1A1FC2A5BE001BA6E3 /* Products */;
			projectDirPath = "";
			projectRoot = "";
			targets = (
				CD2AFA181FC2A5BE001BA6E3 /* Git Test */,
			);
		};
/* End PBXProject section */

/* Begin PBXResourcesBuildPhase section */
		CD2AFA171FC2A5BE001BA6E3 /* Resources */ = {
			isa = PBXResourcesBuildPhase;
			buildActionMask = 2147483647;
			files = (
				CD2AFA271FC2A5BE001BA6E3 /* LaunchScreen.storyboard in Resources */,
				CD2AFA241FC2A5BE001BA6E3 /* Assets.xcassets in Resources */,
				CD2AFA221FC2A5BE001BA6E3 /* Main.storyboard in Resources */,
			);
			runOnlyForDeploymentPostprocessing = 0;
		};
/* End PBXResourcesBuildPhase section */

/* Begin PBXSourcesBuildPhase section */
		CD2AFA151FC2A5BE001BA6E3 /* Sources */ = {
			isa = PBXSourcesBuildPhase;
			buildActionMask = 2147483647;
			files = (
				CD2AFA1F1FC2A5BE001BA6E3 /* ViewController.swift in Sources */,
				CD2AFA1D1FC2A5BE001BA6E3 /* AppDelegate.swift in Sources */,
			);
			runOnlyForDeploymentPostprocessing = 0;
		};
/* End PBXSourcesBuildPhase section */

/* Begin PBXVariantGroup section */
		CD2AFA201FC2A5BE001BA6E3 /* Main.storyboard */ = {
			isa = PBXVariantGroup;
			children = (
				CD2AFA211FC2A5BE001BA6E3 /* Base */,
			);
			name = Main.storyboard;
			sourceTree = "<group>";
		};
		CD2AFA251FC2A5BE001BA6E3 /* LaunchScreen.storyboard */ = {
			isa = PBXVariantGroup;
			children = (
				CD2AFA261FC2A5BE001BA6E3 /* Base */,
			);
			name = LaunchScreen.storyboard;
			sourceTree = "<group>";
		};
/* End PBXVariantGroup section */

/* Begin XCBuildConfiguration section */
		CD2AFA291FC2A5BE001BA6E3 /* Debug */ = {
			isa = XCBuildConfiguration;
			buildSettings = {
				ALWAYS_SEARCH_USER_PATHS = NO;
				CLANG_ANALYZER_NONNULL = YES;
				CLANG_ANALYZER_NUMBER_OBJECT_CONVERSION = YES_AGGRESSIVE;
				CLANG_CXX_LANGUAGE_STANDARD = "gnu++0x";
				CLANG_CXX_LIBRARY = "libc++";
				CLANG_ENABLE_MODULES = YES;
				CLANG_ENABLE_OBJC_ARC = YES;
				CLANG_WARN_BOOL_CONVERSION = YES;
				CLANG_WARN_CONSTANT_CONVERSION = YES;
				CLANG_WARN_DIRECT_OBJC_ISA_USAGE = YES_ERROR;
				CLANG_WARN_DOCUMENTATION_COMMENTS = YES;
				CLANG_WARN_EMPTY_BODY = YES;
				CLANG_WARN_ENUM_CONVERSION = YES;
				CLANG_WARN_INFINITE_RECURSION = YES;
				CLANG_WARN_INT_CONVERSION = YES;
				CLANG_WARN_OBJC_ROOT_CLASS = YES_ERROR;
				CLANG_WARN_SUSPICIOUS_MOVE = YES;
				CLANG_WARN_UNREACHABLE_CODE = YES;
				CLANG_WARN__DUPLICATE_METHOD_MATCH = YES;
				"CODE_SIGN_IDENTITY[sdk=iphoneos*]" = "iPhone Developer";
				COPY_PHASE_STRIP = NO;
				DEBUG_INFORMATION_FORMAT = dwarf;
				ENABLE_STRICT_OBJC_MSGSEND = YES;
				ENABLE_TESTABILITY = YES;
				GCC_C_LANGUAGE_STANDARD = gnu99;
				GCC_DYNAMIC_NO_PIC = NO;
				GCC_NO_COMMON_BLOCKS = YES;
				GCC_OPTIMIZATION_LEVEL = 0;
				GCC_PREPROCESSOR_DEFINITIONS = (
					"DEBUG=1",
					"$(inherited)",
				);
				GCC_WARN_64_TO_32_BIT_CONVERSION = YES;
				GCC_WARN_ABOUT_RETURN_TYPE = YES_ERROR;
				GCC_WARN_UNDECLARED_SELECTOR = YES;
				GCC_WARN_UNINITIALIZED_AUTOS = YES_AGGRESSIVE;
				GCC_WARN_UNUSED_FUNCTION = YES;
				GCC_WARN_UNUSED_VARIABLE = YES;
				IPHONEOS_DEPLOYMENT_TARGET = 10.3;
				MTL_ENABLE_DEBUG_INFO = YES;
				ONLY_ACTIVE_ARCH = YES;
				SDKROOT = iphoneos;
				SWIFT_ACTIVE_COMPILATION_CONDITIONS = DEBUG;
				SWIFT_OPTIMIZATION_LEVEL = "-Onone";
				TARGETED_DEVICE_FAMILY = "1,2";
			};
			name = Debug;
		};
		CD2AFA2A1FC2A5BE001BA6E3 /* Release */ = {
			isa = XCBuildConfiguration;
			buildSettings = {
				ALWAYS_SEARCH_USER_PATHS = NO;
				CLANG_ANALYZER_NONNULL = YES;
				CLANG_ANALYZER_NUMBER_OBJECT_CONVERSION = YES_AGGRESSIVE;
				CLANG_CXX_LANGUAGE_STANDARD = "gnu++0x";
				CLANG_CXX_LIBRARY = "libc++";
				CLANG_ENABLE_MODULES = YES;
				CLANG_ENABLE_OBJC_ARC = YES;
				CLANG_WARN_BOOL_CONVERSION = YES;
				CLANG_WARN_CONSTANT_CONVERSION = YES;
				CLANG_WARN_DIRECT_OBJC_ISA_USAGE = YES_ERROR;
				CLANG_WARN_DOCUMENTATION_COMMENTS = YES;
				CLANG_WARN_EMPTY_BODY = YES;
				CLANG_WARN_ENUM_CONVERSION = YES;
				CLANG_WARN_INFINITE_RECURSION = YES;
				CLANG_WARN_INT_CONVERSION = YES;
				CLANG_WARN_OBJC_ROOT_CLASS = YES_ERROR;
				CLANG_WARN_SUSPICIOUS_MOVE = YES;
				CLANG_WARN_UNREACHABLE_CODE = YES;
				CLANG_WARN__DUPLICATE_METHOD_MATCH = YES;
				"CODE_SIGN_IDENTITY[sdk=iphoneos*]" = "iPhone Developer";
				COPY_PHASE_STRIP = NO;
				DEBUG_INFORMATION_FORMAT = "dwarf-with-dsym";
				ENABLE_NS_ASSERTIONS = NO;
				ENABLE_STRICT_OBJC_MSGSEND = YES;
				GCC_C_LANGUAGE_STANDARD = gnu99;
				GCC_NO_COMMON_BLOCKS = YES;
				GCC_WARN_64_TO_32_BIT_CONVERSION = YES;
				GCC_WARN_ABOUT_RETURN_TYPE = YES_ERROR;
				GCC_WARN_UNDECLARED_SELECTOR = YES;
				GCC_WARN_UNINITIALIZED_AUTOS = YES_AGGRESSIVE;
				GCC_WARN_UNUSED_FUNCTION = YES;
				GCC_WARN_UNUSED_VARIABLE = YES;
				IPHONEOS_DEPLOYMENT_TARGET = 10.3;
				MTL_ENABLE_DEBUG_INFO = NO;
				SDKROOT = iphoneos;
				SWIFT_OPTIMIZATION_LEVEL = "-Owholemodule";
				TARGETED_DEVICE_FAMILY = "1,2";
				VALIDATE_PRODUCT = YES;
			};
			name = Release;
		};
		CD2AFA2C1FC2A5BE001BA6E3 /* Debug */ = {
			isa = XCBuildConfiguration;
			buildSettings = {
				ASSETCATALOG_COMPILER_APPICON_NAME = AppIcon;
				DEVELOPMENT_TEAM = HL6N545Y8M;
				INFOPLIST_FILE = "Git Test/Info.plist";
				LD_RUNPATH_SEARCH_PATHS = "$(inherited) @executable_path/Frameworks";
				PRODUCT_BUNDLE_IDENTIFIER = "com.takaMTK.Git-Test";
				PRODUCT_NAME = "$(TARGET_NAME)";
				SWIFT_VERSION = 3.0;
			};
			name = Debug;
		};
		CD2AFA2D1FC2A5BE001BA6E3 /* Release */ = {
			isa = XCBuildConfiguration;
			buildSettings = {
				ASSETCATALOG_COMPILER_APPICON_NAME = AppIcon;
				DEVELOPMENT_TEAM = HL6N545Y8M;
				INFOPLIST_FILE = "Git Test/Info.plist";
				LD_RUNPATH_SEARCH_PATHS = "$(inherited) @executable_path/Frameworks";
				PRODUCT_BUNDLE_IDENTIFIER = "com.takaMTK.Git-Test";
				PRODUCT_NAME = "$(TARGET_NAME)";
				SWIFT_VERSION = 3.0;
			};
			name = Release;
		};
/* End XCBuildConfiguration section */

/* Begin XCConfigurationList section */
		CD2AFA141FC2A5BE001BA6E3 /* Build configuration list for PBXProject "Git Test" */ = {
			isa = XCConfigurationList;
			buildConfigurations = (
				CD2AFA291FC2A5BE001BA6E3 /* Debug */,
				CD2AFA2A1FC2A5BE001BA6E3 /* Release */,
			);
			defaultConfigurationIsVisible = 0;
			defaultConfigurationName = Release;
		};
		CD2AFA2B1FC2A5BE001BA6E3 /* Build configuration list for PBXNativeTarget "Git Test" */ = {
			isa = XCConfigurationList;
			buildConfigurations = (
				CD2AFA2C1FC2A5BE001BA6E3 /* Debug */,
				CD2AFA2D1FC2A5BE001BA6E3 /* Release */,
			);
			defaultConfigurationIsVisible = 0;
		};
/* End XCConfigurationList section */
	};
	rootObject = CD2AFA111FC2A5BE001BA6E3 /* Project object */;
}
